# THIS IS AN AUTOGENERATED FILE. DO NOT EDIT THIS FILE DIRECTLY.
# yarn lockfile v1


"@types/offscreencanvas@^2019.6.4":
  version "2019.7.0"
  resolved "https://registry.yarnpkg.com/@types/offscreencanvas/-/offscreencanvas-2019.7.0.tgz#e4a932069db47bb3eabeb0b305502d01586fa90d"
  integrity sha512-PGcyveRIpL1XIqK8eBsmRBt76eFgtzuPiSTyKHZxnGemp2yzGzWpjYKAfK3wIMiU7eH+851yEpiuP8JZerTmWg==

bootstrap@^5.2.1:
  version "5.2.1"
  resolved "https://registry.yarnpkg.com/bootstrap/-/bootstrap-5.2.1.tgz#45f97ff05cbe828bad807b014d8425f3aeb8ec3a"
  integrity sha512-UQi3v2NpVPEi1n35dmRRzBJFlgvWHYwyem6yHhuT6afYF+sziEt46McRbT//kVXZ7b1YUYEVGdXEH74Nx3xzGA==

jquery@^3.6.1:
  version "3.6.1"
  resolved "https://registry.yarnpkg.com/jquery/-/jquery-3.6.1.tgz#fab0408f8b45fc19f956205773b62b292c147a16"
  integrity sha512-opJeO4nCucVnsjiXOE+/PcCgYw9Gwpvs/a6B1LL/lQhwWwpbVEVYDZ1FokFr8PRc7ghYlrFPuyHuiiDNTQxmcw==

qr-scanner@^1.4.1:
  version "1.4.1"
  resolved "https://registry.yarnpkg.com/qr-scanner/-/qr-scanner-1.4.1.tgz#31a1bf7f9927f0eb1e3c0909fe66fec97a3b3701"
  integrity sha512-xiR90NONHTfTwaFgW/ihlqjGMIZg6ExHDOvGQRba1TvV+WVw7GoDArIOt21e+RO+9WiO4AJJq+mwc5f4BnGH3w==
  dependencies:
    "@types/offscreencanvas" "^2019.6.4"
